{
    "_meta": {
        "hash": {
            "sha256": "b4f8bf8695e7e4a31853b5cd8703a3d900f5f789361d4312b241fda7f4e83ac6"
        },
        "pipfile-spec": 6,
        "requires": {
            "python_version": "3.9"
        },
        "sources": [
            {
                "name": "pypi",
                "url": "https://pypi.org/simple",
                "verify_ssl": true
            }
        ]
    },
    "default": {
        "attrs": {
            "hashes": [
                "sha256:2d27e3784d7a565d36ab851fe94887c5eccd6a463168875832a1be79c82828b4",
                "sha256:626ba8234211db98e869df76230a137c4c40a12d72445c45d5f5b716f076e2fd"
            ],
            "markers": "python_version >= '2.7' and python_version not in '3.0, 3.1, 3.2, 3.3, 3.4'",
            "version": "==21.4.0"
        },
        "bidict": {
            "hashes": [
                "sha256:415126d23a0c81e1a8c584a8fb1f6905ea090c772571803aeee0a2242e8e7ba0",
                "sha256:5c826b3e15e97cc6e615de295756847c282a79b79c5430d3bfc909b1ac9f5bd8"
            ],
            "markers": "python_version >= '3.7'",
            "version": "==0.22.0"
        },
        "faker": {
            "hashes": [
                "sha256:c6ff91847d7c820afc0a74d95e824b48aab71ddfd9003f300641e42d58ae886f",
                "sha256:cad1f69d72a68878cd67855140b6fe3e44c11628971cd838595d289c98bc45de"
            ],
            "markers": "python_version >= '3.6'",
            "version": "==13.11.1"
        },
        "geoalchemy2": {
            "hashes": [
                "sha256:43ce38a5387c9b380b4c9d20d720c3d8cf1752ca4f5f18aa88041be11f6948a3",
                "sha256:f92a0faddb5b74384dbbf3c7000433358ce8e07a180fe1d6c2843eaa0437ff08"
            ],
            "index": "pypi",
            "version": "==0.11.1"
        },
        "geojson": {
            "hashes": [
                "sha256:6e4bb7ace4226a45d9c8c8b1348b3fc43540658359f93c3f7e03efa9f15f658a",
                "sha256:ccbd13368dd728f4e4f13ffe6aaf725b6e802c692ba0dde628be475040c534ba"
            ],
            "version": "==2.5.0"
        },
        "greenlet": {
            "hashes": [
                "sha256:0051c6f1f27cb756ffc0ffbac7d2cd48cb0362ac1736871399a739b2885134d3",
                "sha256:00e44c8afdbe5467e4f7b5851be223be68adb4272f44696ee71fe46b7036a711",
                "sha256:013d61294b6cd8fe3242932c1c5e36e5d1db2c8afb58606c5a67efce62c1f5fd",
                "sha256:049fe7579230e44daef03a259faa24511d10ebfa44f69411d99e6a184fe68073",
                "sha256:14d4f3cd4e8b524ae9b8aa567858beed70c392fdec26dbdb0a8a418392e71708",
                "sha256:166eac03e48784a6a6e0e5f041cfebb1ab400b394db188c48b3a84737f505b67",
                "sha256:17ff94e7a83aa8671a25bf5b59326ec26da379ace2ebc4411d690d80a7fbcf23",
                "sha256:1e12bdc622676ce47ae9abbf455c189e442afdde8818d9da983085df6312e7a1",
                "sha256:21915eb821a6b3d9d8eefdaf57d6c345b970ad722f856cd71739493ce003ad08",
                "sha256:288c6a76705dc54fba69fbcb59904ae4ad768b4c768839b8ca5fdadec6dd8cfd",
                "sha256:2bde6792f313f4e918caabc46532aa64aa27a0db05d75b20edfc5c6f46479de2",
                "sha256:32ca72bbc673adbcfecb935bb3fb1b74e663d10a4b241aaa2f5a75fe1d1f90aa",
                "sha256:356b3576ad078c89a6107caa9c50cc14e98e3a6c4874a37c3e0273e4baf33de8",
                "sha256:40b951f601af999a8bf2ce8c71e8aaa4e8c6f78ff8afae7b808aae2dc50d4c40",
                "sha256:572e1787d1460da79590bf44304abbc0a2da944ea64ec549188fa84d89bba7ab",
                "sha256:58df5c2a0e293bf665a51f8a100d3e9956febfbf1d9aaf8c0677cf70218910c6",
                "sha256:64e6175c2e53195278d7388c454e0b30997573f3f4bd63697f88d855f7a6a1fc",
                "sha256:7227b47e73dedaa513cdebb98469705ef0d66eb5a1250144468e9c3097d6b59b",
                "sha256:7418b6bfc7fe3331541b84bb2141c9baf1ec7132a7ecd9f375912eca810e714e",
                "sha256:7cbd7574ce8e138bda9df4efc6bf2ab8572c9aff640d8ecfece1b006b68da963",
                "sha256:7ff61ff178250f9bb3cd89752df0f1dd0e27316a8bd1465351652b1b4a4cdfd3",
                "sha256:833e1551925ed51e6b44c800e71e77dacd7e49181fdc9ac9a0bf3714d515785d",
                "sha256:8639cadfda96737427330a094476d4c7a56ac03de7265622fcf4cfe57c8ae18d",
                "sha256:8c5d5b35f789a030ebb95bff352f1d27a93d81069f2adb3182d99882e095cefe",
                "sha256:8c790abda465726cfb8bb08bd4ca9a5d0a7bd77c7ac1ca1b839ad823b948ea28",
                "sha256:8d2f1fb53a421b410751887eb4ff21386d119ef9cde3797bf5e7ed49fb51a3b3",
                "sha256:903bbd302a2378f984aef528f76d4c9b1748f318fe1294961c072bdc7f2ffa3e",
                "sha256:93f81b134a165cc17123626ab8da2e30c0455441d4ab5576eed73a64c025b25c",
                "sha256:95e69877983ea39b7303570fa6760f81a3eec23d0e3ab2021b7144b94d06202d",
                "sha256:9633b3034d3d901f0a46b7939f8c4d64427dfba6bbc5a36b1a67364cf148a1b0",
                "sha256:97e5306482182170ade15c4b0d8386ded995a07d7cc2ca8f27958d34d6736497",
                "sha256:9f3cba480d3deb69f6ee2c1825060177a22c7826431458c697df88e6aeb3caee",
                "sha256:aa5b467f15e78b82257319aebc78dd2915e4c1436c3c0d1ad6f53e47ba6e2713",
                "sha256:abb7a75ed8b968f3061327c433a0fbd17b729947b400747c334a9c29a9af6c58",
                "sha256:aec52725173bd3a7b56fe91bc56eccb26fbdff1386ef123abb63c84c5b43b63a",
                "sha256:b11548073a2213d950c3f671aa88e6f83cda6e2fb97a8b6317b1b5b33d850e06",
                "sha256:b1692f7d6bc45e3200844be0dba153612103db241691088626a33ff1f24a0d88",
                "sha256:b336501a05e13b616ef81ce329c0e09ac5ed8c732d9ba7e3e983fcc1a9e86965",
                "sha256:b8c008de9d0daba7b6666aa5bbfdc23dcd78cafc33997c9b7741ff6353bafb7f",
                "sha256:b92e29e58bef6d9cfd340c72b04d74c4b4e9f70c9fa7c78b674d1fec18896dc4",
                "sha256:be5f425ff1f5f4b3c1e33ad64ab994eed12fc284a6ea71c5243fd564502ecbe5",
                "sha256:dd0b1e9e891f69e7675ba5c92e28b90eaa045f6ab134ffe70b52e948aa175b3c",
                "sha256:e30f5ea4ae2346e62cedde8794a56858a67b878dd79f7df76a0767e356b1744a",
                "sha256:e6a36bb9474218c7a5b27ae476035497a6990e21d04c279884eb10d9b290f1b1",
                "sha256:e859fcb4cbe93504ea18008d1df98dee4f7766db66c435e4882ab35cf70cac43",
                "sha256:eb6ea6da4c787111adf40f697b4e58732ee0942b5d3bd8f435277643329ba627",
                "sha256:ec8c433b3ab0419100bd45b47c9c8551248a5aee30ca5e9d399a0b57ac04651b",
                "sha256:eff9d20417ff9dcb0d25e2defc2574d10b491bf2e693b4e491914738b7908168",
                "sha256:f0214eb2a23b85528310dad848ad2ac58e735612929c8072f6093f3585fd342d",
                "sha256:f276df9830dba7a333544bd41070e8175762a7ac20350786b322b714b0e654f5",
                "sha256:f3acda1924472472ddd60c29e5b9db0cec629fbe3c5c5accb74d6d6d14773478",
                "sha256:f70a9e237bb792c7cc7e44c531fd48f5897961701cdaa06cf22fc14965c496cf",
                "sha256:f9d29ca8a77117315101425ec7ec2a47a22ccf59f5593378fc4077ac5b754fce",
                "sha256:fa877ca7f6b48054f847b61d6fa7bed5cebb663ebc55e018fda12db09dcc664c",
                "sha256:fdcec0b8399108577ec290f55551d926d9a1fa6cad45882093a7a07ac5ec147b"
            ],
            "markers": "python_version >= '3' and platform_machine == 'aarch64' or (platform_machine == 'ppc64le' or (platform_machine == 'x86_64' or (platform_machine == 'amd64' or (platform_machine == 'AMD64' or (platform_machine == 'win32' or platform_machine == 'WIN32')))))",
            "version": "==1.1.2"
        },
        "numpy": {
            "hashes": [
                "sha256:07a8c89a04997625236c5ecb7afe35a02af3896c8aa01890a849913a2309c676",
                "sha256:08d9b008d0156c70dc392bb3ab3abb6e7a711383c3247b410b39962263576cd4",
                "sha256:201b4d0552831f7250a08d3b38de0d989d6f6e4658b709a02a73c524ccc6ffce",
                "sha256:2c10a93606e0b4b95c9b04b77dc349b398fdfbda382d2a39ba5a822f669a0123",
                "sha256:3ca688e1b9b95d80250bca34b11a05e389b1420d00e87a0d12dc45f131f704a1",
                "sha256:48a3aecd3b997bf452a2dedb11f4e79bc5bfd21a1d4cc760e703c31d57c84b3e",
                "sha256:568dfd16224abddafb1cbcce2ff14f522abe037268514dd7e42c6776a1c3f8e5",
                "sha256:5bfb1bb598e8229c2d5d48db1860bcf4311337864ea3efdbe1171fb0c5da515d",
                "sha256:639b54cdf6aa4f82fe37ebf70401bbb74b8508fddcf4797f9fe59615b8c5813a",
                "sha256:8251ed96f38b47b4295b1ae51631de7ffa8260b5b087808ef09a39a9d66c97ab",
                "sha256:92bfa69cfbdf7dfc3040978ad09a48091143cffb778ec3b03fa170c494118d75",
                "sha256:97098b95aa4e418529099c26558eeb8486e66bd1e53a6b606d684d0c3616b168",
                "sha256:a3bae1a2ed00e90b3ba5f7bd0a7c7999b55d609e0c54ceb2b076a25e345fa9f4",
                "sha256:c34ea7e9d13a70bf2ab64a2532fe149a9aced424cd05a2c4ba662fd989e3e45f",
                "sha256:dbc7601a3b7472d559dc7b933b18b4b66f9aa7452c120e87dfb33d02008c8a18",
                "sha256:e7927a589df200c5e23c57970bafbd0cd322459aa7b1ff73b7c2e84d6e3eae62",
                "sha256:f8c1f39caad2c896bc0018f699882b345b2a63708008be29b1f355ebf6f933fe",
                "sha256:f950f8845b480cffe522913d35567e29dd381b0dc7e4ce6a4a9f9156417d2430",
                "sha256:fade0d4f4d292b6f39951b6836d7a3c7ef5b2347f3c420cd9820a1d90d794802",
                "sha256:fdf3c08bce27132395d3c3ba1503cac12e17282358cb4bddc25cc46b0aca07aa"
            ],
            "markers": "python_version < '3.10' and platform_machine != 'aarch64' and platform_machine != 'arm64'",
            "version": "==1.22.3"
        },
        "packaging": {
            "hashes": [
                "sha256:dd47c42927d89ab911e606518907cc2d3a1f38bbd026385970643f9c5b8ecfeb",
                "sha256:ef103e05f519cdc783ae24ea4e2e0f508a9c99b2d4969652eed6a2e1ea5bd522"
            ],
            "markers": "python_version >= '3.6'",
            "version": "==21.3"
        },
        "pandas": {
            "hashes": [
                "sha256:0010771bd9223f7afe5f051eb47c4a49534345dfa144f2f5470b27189a4dd3b5",
                "sha256:061609334a8182ab500a90fe66d46f6f387de62d3a9cb9aa7e62e3146c712167",
                "sha256:09d8be7dd9e1c4c98224c4dfe8abd60d145d934e9fc1f5f411266308ae683e6a",
                "sha256:295872bf1a09758aba199992c3ecde455f01caf32266d50abc1a073e828a7b9d",
                "sha256:3228198333dd13c90b6434ddf61aa6d57deaca98cf7b654f4ad68a2db84f8cfe",
                "sha256:385c52e85aaa8ea6a4c600a9b2821181a51f8be0aee3af6f2dcb41dafc4fc1d0",
                "sha256:51649ef604a945f781105a6d2ecf88db7da0f4868ac5d45c51cb66081c4d9c73",
                "sha256:5586cc95692564b441f4747c47c8a9746792e87b40a4680a2feb7794defb1ce3",
                "sha256:5a206afa84ed20e07603f50d22b5f0db3fb556486d8c2462d8bc364831a4b417",
                "sha256:5b79af3a69e5175c6fa7b4e046b21a646c8b74e92c6581a9d825687d92071b51",
                "sha256:5c54ea4ef3823108cd4ec7fb27ccba4c3a775e0f83e39c5e17f5094cb17748bc",
                "sha256:8c5bf555b6b0075294b73965adaafb39cf71c312e38c5935c93d78f41c19828a",
                "sha256:92bc1fc585f1463ca827b45535957815b7deb218c549b7c18402c322c7549a12",
                "sha256:95c1e422ced0199cf4a34385ff124b69412c4bc912011ce895582bee620dfcaa",
                "sha256:b8134651258bce418cb79c71adeff0a44090c98d955f6953168ba16cc285d9f7",
                "sha256:be67c782c4f1b1f24c2f16a157e12c2693fd510f8df18e3287c77f33d124ed07",
                "sha256:c072c7f06b9242c855ed8021ff970c0e8f8b10b35e2640c657d2a541c5950f59",
                "sha256:d0d4f13e4be7ce89d7057a786023c461dd9370040bdb5efa0a7fe76b556867a0",
                "sha256:df82739e00bb6daf4bba4479a40f38c718b598a84654cbd8bb498fd6b0aa8c16",
                "sha256:f549097993744ff8c41b5e8f2f0d3cbfaabe89b4ae32c8c08ead6cc535b80139",
                "sha256:ff08a14ef21d94cdf18eef7c569d66f2e24e0bc89350bcd7d243dd804e3b5eb2"
            ],
            "markers": "python_version >= '3.8'",
            "version": "==1.4.2"
        },
        "psycopg2-binary": {
            "hashes": [
                "sha256:01310cf4cf26db9aea5158c217caa92d291f0500051a6469ac52166e1a16f5b7",
                "sha256:083a55275f09a62b8ca4902dd11f4b33075b743cf0d360419e2051a8a5d5ff76",
                "sha256:090f3348c0ab2cceb6dfbe6bf721ef61262ddf518cd6cc6ecc7d334996d64efa",
                "sha256:0a29729145aaaf1ad8bafe663131890e2111f13416b60e460dae0a96af5905c9",
                "sha256:0c9d5450c566c80c396b7402895c4369a410cab5a82707b11aee1e624da7d004",
                "sha256:10bb90fb4d523a2aa67773d4ff2b833ec00857f5912bafcfd5f5414e45280fb1",
                "sha256:12b11322ea00ad8db8c46f18b7dfc47ae215e4df55b46c67a94b4effbaec7094",
                "sha256:152f09f57417b831418304c7f30d727dc83a12761627bb826951692cc6491e57",
                "sha256:15803fa813ea05bef089fa78835118b5434204f3a17cb9f1e5dbfd0b9deea5af",
                "sha256:15c4e4cfa45f5a60599d9cec5f46cd7b1b29d86a6390ec23e8eebaae84e64554",
                "sha256:183a517a3a63503f70f808b58bfbf962f23d73b6dccddae5aa56152ef2bcb232",
                "sha256:1f14c8b0942714eb3c74e1e71700cbbcb415acbc311c730370e70c578a44a25c",
                "sha256:1f6b813106a3abdf7b03640d36e24669234120c72e91d5cbaeb87c5f7c36c65b",
                "sha256:280b0bb5cbfe8039205c7981cceb006156a675362a00fe29b16fbc264e242834",
                "sha256:2d872e3c9d5d075a2e104540965a1cf898b52274a5923936e5bfddb58c59c7c2",
                "sha256:2f9ffd643bc7349eeb664eba8864d9e01f057880f510e4681ba40a6532f93c71",
                "sha256:3303f8807f342641851578ee7ed1f3efc9802d00a6f83c101d21c608cb864460",
                "sha256:35168209c9d51b145e459e05c31a9eaeffa9a6b0fd61689b48e07464ffd1a83e",
                "sha256:3a79d622f5206d695d7824cbf609a4f5b88ea6d6dab5f7c147fc6d333a8787e4",
                "sha256:404224e5fef3b193f892abdbf8961ce20e0b6642886cfe1fe1923f41aaa75c9d",
                "sha256:46f0e0a6b5fa5851bbd9ab1bc805eef362d3a230fbdfbc209f4a236d0a7a990d",
                "sha256:47133f3f872faf28c1e87d4357220e809dfd3fa7c64295a4a148bcd1e6e34ec9",
                "sha256:526ea0378246d9b080148f2d6681229f4b5964543c170dd10bf4faaab6e0d27f",
                "sha256:53293533fcbb94c202b7c800a12c873cfe24599656b341f56e71dd2b557be063",
                "sha256:539b28661b71da7c0e428692438efbcd048ca21ea81af618d845e06ebfd29478",
                "sha256:57804fc02ca3ce0dbfbef35c4b3a4a774da66d66ea20f4bda601294ad2ea6092",
                "sha256:63638d875be8c2784cfc952c9ac34e2b50e43f9f0a0660b65e2a87d656b3116c",
                "sha256:6472a178e291b59e7f16ab49ec8b4f3bdada0a879c68d3817ff0963e722a82ce",
                "sha256:68641a34023d306be959101b345732360fc2ea4938982309b786f7be1b43a4a1",
                "sha256:6e82d38390a03da28c7985b394ec3f56873174e2c88130e6966cb1c946508e65",
                "sha256:761df5313dc15da1502b21453642d7599d26be88bff659382f8f9747c7ebea4e",
                "sha256:7af0dd86ddb2f8af5da57a976d27cd2cd15510518d582b478fbb2292428710b4",
                "sha256:7b1e9b80afca7b7a386ef087db614faebbf8839b7f4db5eb107d0f1a53225029",
                "sha256:874a52ecab70af13e899f7847b3e074eeb16ebac5615665db33bce8a1009cf33",
                "sha256:887dd9aac71765ac0d0bac1d0d4b4f2c99d5f5c1382d8b770404f0f3d0ce8a39",
                "sha256:8b344adbb9a862de0c635f4f0425b7958bf5a4b927c8594e6e8d261775796d53",
                "sha256:8fc53f9af09426a61db9ba357865c77f26076d48669f2e1bb24d85a22fb52307",
                "sha256:91920527dea30175cc02a1099f331aa8c1ba39bf8b7762b7b56cbf54bc5cce42",
                "sha256:93cd1967a18aa0edd4b95b1dfd554cf15af657cb606280996d393dadc88c3c35",
                "sha256:99485cab9ba0fa9b84f1f9e1fef106f44a46ef6afdeec8885e0b88d0772b49e8",
                "sha256:9d29409b625a143649d03d0fd7b57e4b92e0ecad9726ba682244b73be91d2fdb",
                "sha256:a29b3ca4ec9defec6d42bf5feb36bb5817ba3c0230dd83b4edf4bf02684cd0ae",
                "sha256:a9e1f75f96ea388fbcef36c70640c4efbe4650658f3d6a2967b4cc70e907352e",
                "sha256:accfe7e982411da3178ec690baaceaad3c278652998b2c45828aaac66cd8285f",
                "sha256:adf20d9a67e0b6393eac162eb81fb10bc9130a80540f4df7e7355c2dd4af9fba",
                "sha256:af9813db73395fb1fc211bac696faea4ca9ef53f32dc0cfa27e4e7cf766dcf24",
                "sha256:b1c8068513f5b158cf7e29c43a77eb34b407db29aca749d3eb9293ee0d3103ca",
                "sha256:bda845b664bb6c91446ca9609fc69f7db6c334ec5e4adc87571c34e4f47b7ddb",
                "sha256:c381bda330ddf2fccbafab789d83ebc6c53db126e4383e73794c74eedce855ef",
                "sha256:c3ae8e75eb7160851e59adc77b3a19a976e50622e44fd4fd47b8b18208189d42",
                "sha256:d1c1b569ecafe3a69380a94e6ae09a4789bbb23666f3d3a08d06bbd2451f5ef1",
                "sha256:def68d7c21984b0f8218e8a15d514f714d96904265164f75f8d3a70f9c295667",
                "sha256:dffc08ca91c9ac09008870c9eb77b00a46b3378719584059c034b8945e26b272",
                "sha256:e3699852e22aa68c10de06524a3721ade969abf382da95884e6a10ff798f9281",
                "sha256:e847774f8ffd5b398a75bc1c18fbb56564cda3d629fe68fd81971fece2d3c67e",
                "sha256:ffb7a888a047696e7f8240d649b43fb3644f14f0ee229077e7f6b9f9081635bd"
            ],
            "markers": "python_version >= '3.6'",
            "version": "==2.9.3"
        },
        "pyparsing": {
            "hashes": [
                "sha256:2b020ecf7d21b687f219b71ecad3631f644a47f01403fa1d1036b0c6416d70fb",
                "sha256:5026bae9a10eeaefb61dab2f09052b9f4307d44aee4eda64b309723d8d206bbc"
            ],
            "markers": "python_full_version >= '3.6.8'",
            "version": "==3.0.9"
        },
        "python-dateutil": {
            "hashes": [
                "sha256:0123cacc1627ae19ddf3c27a5de5bd67ee4586fbdd6440d9748f8abb483d3e86",
                "sha256:961d03dc3453ebbc59dbdea9e4e11c5651520a876d0f4db161e8674aae935da9"
            ],
            "markers": "python_version >= '2.7' and python_version not in '3.0, 3.1, 3.2, 3.3'",
            "version": "==2.8.2"
        },
        "pytz": {
            "hashes": [
                "sha256:1e760e2fe6a8163bc0b3d9a19c4f84342afa0a2affebfaa84b01b978a02ecaa7",
                "sha256:e68985985296d9a66a881eb3193b0906246245294a881e7c8afe623866ac6a5c"
            ],
            "version": "==2022.1"
        },
        "shapely": {
            "hashes": [
                "sha256:0c0fd457ce477b1dced507a72f1e2084c9191bfcb8a1e09886990ebd02acf024",
                "sha256:137f1369630408024a62ff79a437a5657e6c5b76b9cd352dde704b425acdb298",
                "sha256:15a856fbb588ad5d042784e00918c662902776452008c771ecba2ff615cd197a",
                "sha256:1d95842cc6bbbeab673061b63e70b07be9a375c15a60f4098f8fbd29f43af1b4",
                "sha256:256bdf8080bb7bb504d47b2c76919ecebab9708cc1b26266b3ec32b42448f642",
                "sha256:2e02da2e988e74d61f15c720f9f613fab51942aae2dfeacdcb78eadece00e1f3",
                "sha256:3423299254deec075e79fb7dc7909d702104e4167149de7f45510c3a6342eeea",
                "sha256:3a40bf497b57a6625b83996aed10ce2233bca0e5471b8af771b186d681433ac5",
                "sha256:44d2832c1b706bf43101fda92831a083467cc4b4923a7ed17319ab599c1025d8",
                "sha256:5254240eefc44139ab0d128faf671635d8bdd9c23955ee063d4d6b8f20073ae0",
                "sha256:56413f7d32c70b63f239eb0865b24c0c61029e38757de456cc4ab3c416559a0b",
                "sha256:572af9d5006fd5e3213e37ee548912b0341fb26724d6dc8a4e3950c10197ebb6",
                "sha256:62056e64b12b6d483d79f8e34bf058d2fe734d51c9227c1713705399434eff3b",
                "sha256:68c8e18dc9dc8a198c3addc8c9596f64137101f566f04b96ecfca0b214cb8b12",
                "sha256:6bdc7728f1e5df430d8c588661f79f1eed4a2728c8b689e12707cfec217f68f8",
                "sha256:6fcb28836ae93809de1dde73c03c9c24bab0ba2b2bf419ddb2aeb72c96d110e9",
                "sha256:75042e8039c79dd01f102bb288beace9dc2f49fc44a2dea875f9b697aa8cd30d",
                "sha256:78966332a89813b237de357a03f612fd451a871fe6e26c12b6b71645fe8eee39",
                "sha256:7c8eda45085ccdd7f9805ea4a93fdd5eb0b6039a61d5f0cefb960487e6dc17a1",
                "sha256:7c9e3400b716c51ba43eea1678c28272580114e009b6c78cdd00c44df3e325fa",
                "sha256:840be3f27a1152851c54b968f2e12d718c9f13b7acd51c482e58a70f60f29e31",
                "sha256:8e3ed52a081da58eb4a885c157c594876633dbd4eb283f13ba5bf39c82322d76",
                "sha256:8fe641f1f61b3d43dd61b5a85d2ef023e6e19bf8f204a5160a1cb1ec645cbc09",
                "sha256:a58e1f362f2091743e5e13212f5d5d16251a4bb63dd0ed587c652d3be9620d3a",
                "sha256:a60861b5ca2c488ebcdc706eca94d325c26d1567921c74acc83df5e6913590c7",
                "sha256:beee3949ddf381735049cfa6532fb234d5d20a5be910c4f2fb7c7295fd7960e3",
                "sha256:c0a0d7752b145343838bd36ed09382d85f5befe426832d7384c5b051c147acbd",
                "sha256:c60f3758212ec480675b820b13035dda8af8f7cc560d2cc67999b2717fb8faef",
                "sha256:ce0b5c5f7acbccf98b3460eecaa40e9b18272b2a734f74fcddf1d7696e047e95",
                "sha256:cec89a5617c0137f4678282e983c3d63bf838fb00cdf318cc555b4d8409f7130",
                "sha256:d3f3fac625690f01f35af665649e993f15f924e740b5c0ac0376900655815521",
                "sha256:d74de394684d66e25e780b0359fda85be7766af85940fa2dfad728b1a815c71f",
                "sha256:e07b0bd2a0e61a8afd4d1c1bd23f3550b711f01274ffb53de99358fd781eefd8",
                "sha256:f12695662c3ad1e6031b3de98f191963d0f09de6d1a4988acd907405644032ba"
            ],
            "markers": "python_version >= '3.6'",
            "version": "==1.8.2"
        },
        "six": {
            "hashes": [
                "sha256:1e61c37477a1626458e36f7b1d82aa5c9b094fa4802892072e49de9c60c4c926",
                "sha256:8abb2f1d86890a2dfb989f9a77cfcfd3e47c2a354b01111771326f8aa26e0254"
            ],
            "markers": "python_version >= '2.7' and python_version not in '3.0, 3.1, 3.2, 3.3'",
            "version": "==1.16.0"
        },
        "sqlalchemy": {
            "hashes": [
                "sha256:09c606d8238feae2f360b8742ffbe67741937eb0a05b57f536948d198a3def96",
                "sha256:166a3887ec355f7d2f12738f7fa25dc8ac541867147a255f790f2f41f614cb44",
                "sha256:16abf35af37a3d5af92725fc9ec507dd9e9183d261c2069b6606d60981ed1c6e",
                "sha256:2e885548da361aa3f8a9433db4cfb335b2107e533bf314359ae3952821d84b3e",
                "sha256:2ec89bf98cc6a0f5d1e28e3ad28e9be6f3b4bdbd521a4053c7ae8d5e1289a8a1",
                "sha256:2ecac4db8c1aa4a269f5829df7e706639a24b780d2ac46b3e485cbbd27ec0028",
                "sha256:316c7e5304dda3e3ad711569ac5d02698bbc71299b168ac56a7076b86259f7ea",
                "sha256:5041474dcab7973baa91ec1f3112049a9dd4652898d6a95a6a895ff5c58beb6b",
                "sha256:53d2d9ee93970c969bc4e3c78b1277d7129554642f6ffea039c282c7dc4577bc",
                "sha256:5864a83bd345871ad9699ce466388f836db7572003d67d9392a71998092210e3",
                "sha256:5c90ef955d429966d84326d772eb34333178737ebb669845f1d529eb00c75e72",
                "sha256:5d50cb71c1dbed70646d521a0975fb0f92b7c3f84c61fa59e07be23a1aaeecfc",
                "sha256:64678ac321d64a45901ef2e24725ec5e783f1f4a588305e196431447e7ace243",
                "sha256:64d796e9af522162f7f2bf7a3c5531a0a550764c426782797bbeed809d0646c5",
                "sha256:6cb4c4f57a20710cea277edf720d249d514e587f796b75785ad2c25e1c0fed26",
                "sha256:6e1fe00ee85c768807f2a139b83469c1e52a9ffd58a6eb51aa7aeb524325ab18",
                "sha256:6e859fa96605027bd50d8e966db1c4e1b03e7b3267abbc4b89ae658c99393c58",
                "sha256:7a052bd9f53004f8993c624c452dfad8ec600f572dd0ed0445fbe64b22f5570e",
                "sha256:81e53bd383c2c33de9d578bfcc243f559bd3801a0e57f2bcc9a943c790662e0c",
                "sha256:83cf3077712be9f65c9aaa0b5bc47bc1a44789fd45053e2e3ecd59ff17c63fe9",
                "sha256:8b20c4178ead9bc398be479428568ff31b6c296eb22e75776273781a6551973f",
                "sha256:8d07fe2de0325d06e7e73281e9a9b5e259fbd7cbfbe398a0433cbb0082ad8fa7",
                "sha256:a0ae3aa2e86a4613f2d4c49eb7da23da536e6ce80b2bfd60bbb2f55fc02b0b32",
                "sha256:af2587ae11400157753115612d6c6ad255143efba791406ad8a0cbcccf2edcb3",
                "sha256:b3db741beaa983d4cbf9087558620e7787106319f7e63a066990a70657dd6b35",
                "sha256:be094460930087e50fd08297db9d7aadaed8408ad896baf758e9190c335632da",
                "sha256:cb441ca461bf97d00877b607f132772644b623518b39ced54da433215adce691",
                "sha256:ce20f5da141f8af26c123ebaa1b7771835ca6c161225ce728962a79054f528c3",
                "sha256:d57ac32f8dc731fddeb6f5d1358b4ca5456e72594e664769f0a9163f13df2a31",
                "sha256:dce3468bf1fc12374a1a732c9efd146ce034f91bb0482b602a9311cb6166a920",
                "sha256:e12532c4d3f614678623da5d852f038ace1f01869b89f003ed6fe8c793f0c6a3",
                "sha256:e74ce103b81c375c3853b436297952ef8d7863d801dcffb6728d01544e5191b5",
                "sha256:f0394a3acfb8925db178f7728adb38c027ed7e303665b225906bfa8099dc1ce8",
                "sha256:f522214f6749bc073262529c056f7dfd660f3b5ec4180c5354d985eb7219801e",
                "sha256:fbf8c09fe9728168f8cc1b40c239eab10baf9c422c18be7f53213d70434dea43",
                "sha256:fca8322e04b2dde722fcb0558682740eebd3bd239bea7a0d0febbc190e99dc15"
            ],
            "markers": "python_version >= '2.7' and python_version not in '3.0, 3.1, 3.2, 3.3, 3.4, 3.5'",
            "version": "==1.4.36"
        },
        "tohu": {
            "hashes": [
                "sha256:d01a8f9cf6054c9608a51f9ea94ed71b97969b046e0eb1f93eef81ab311e14e3",
                "sha256:ff2861763743c29d389181d082fdfc1d0442b39dab8277674a0e88bc3c95c7b0"
            ],
            "index": "pypi",
            "version": "==0.6.7"
        },
        "tqdm": {
            "hashes": [
                "sha256:40be55d30e200777a307a7585aee69e4eabb46b4ec6a4b4a5f2d9f11e7d5408d",
                "sha256:74a2cdefe14d11442cedf3ba4e21a3b84ff9a2dbdc6cfae2c34addb2a14a5ea6"
            ],
            "markers": "python_version >= '2.7' and python_version not in '3.0, 3.1, 3.2, 3.3'",
            "version": "==4.64.0"
        }
    },
    "develop": {}
}
